
Microsoft Visual Studio Solution File, Format Version 12.00
# Visual Studio Version 17
VisualStudioVersion = 17.11.35312.102
MinimumVisualStudioVersion = 10.0.40219.1
Project("{FAE04EC0-301F-11D3-BF4B-00C04F79EFBC}") = "01_MainSubjects", "01_MainSubjects\01_MainSubjects.csproj", "{51418787-8BCE-44B1-A33D-BAA63E66FD5C}"
EndProject
Project("{FAE04EC0-301F-11D3-BF4B-00C04F79EFBC}") = "02_Variables", "02_Variables\02_Variables.csproj", "{442C2544-4C6A-4155-8145-AB4D050059C0}"
EndProject
Project("{FAE04EC0-301F-11D3-BF4B-00C04F79EFBC}") = "03_MakingDecision", "03_MakingDecision\03_MakingDecision.csproj", "{B4D64E26-9AD4-4907-8762-23A6B3188475}"
EndProject
Project("{FAE04EC0-301F-11D3-BF4B-00C04F79EFBC}") = "04_Loops", "04_Loops\04_Loops.csproj", "{BDB16B98-5000-46AD-966A-1BDE92C4F458}"
EndProject
Project("{FAE04EC0-301F-11D3-BF4B-00C04F79EFBC}") = "05_LoopsWithStarts", "05_LoopsWithStarts\05_LoopsWithStarts.csproj", "{8C87F0C0-1144-43E5-B810-C0A26CAB7E05}"
EndProject
Project("{FAE04EC0-301F-11D3-BF4B-00C04F79EFBC}") = "06_Arrays", "06_Arrays\06_Arrays.csproj", "{E78AB7DC-624E-461C-A8B2-71105ED5645B}"
EndProject
Project("{FAE04EC0-301F-11D3-BF4B-00C04F79EFBC}") = "07_ForeachLoop", "07_ForeachLoop\07_ForeachLoop.csproj", "{AD44DD54-27D7-40D8-B4E2-F3BDD4816AB7}"
EndProject
Project("{FAE04EC0-301F-11D3-BF4B-00C04F79EFBC}") = "08_Methods", "08_Methods\08_Methods.csproj", "{BEC56682-EF21-4FB4-87CB-196C2CC7E370}"
EndProject
Project("{FAE04EC0-301F-11D3-BF4B-00C04F79EFBC}") = "09_DatabaseProject", "09_DatabaseProject\09_DatabaseProject.csproj", "{800C2A36-C6A1-4BF7-BCB0-41DD52F37DCE}"
EndProject
Project("{FAE04EC0-301F-11D3-BF4B-00C04F79EFBC}") = "10_DatabaseCrud", "10_DatabaseCrud\10_DatabaseCrud.csproj", "{9D7436B3-D1D7-45BB-945D-3742501BB3EE}"
EndProject
Global
	GlobalSection(SolutionConfigurationPlatforms) = preSolution
		Debug|Any CPU = Debug|Any CPU
		Release|Any CPU = Release|Any CPU
	EndGlobalSection
	GlobalSection(ProjectConfigurationPlatforms) = postSolution
		{51418787-8BCE-44B1-A33D-BAA63E66FD5C}.Debug|Any CPU.ActiveCfg = Debug|Any CPU
		{51418787-8BCE-44B1-A33D-BAA63E66FD5C}.Debug|Any CPU.Build.0 = Debug|Any CPU
		{51418787-8BCE-44B1-A33D-BAA63E66FD5C}.Release|Any CPU.ActiveCfg = Release|Any CPU
		{51418787-8BCE-44B1-A33D-BAA63E66FD5C}.Release|Any CPU.Build.0 = Release|Any CPU
		{442C2544-4C6A-4155-8145-AB4D050059C0}.Debug|Any CPU.ActiveCfg = Debug|Any CPU
		{442C2544-4C6A-4155-8145-AB4D050059C0}.Debug|Any CPU.Build.0 = Debug|Any CPU
		{442C2544-4C6A-4155-8145-AB4D050059C0}.Release|Any CPU.ActiveCfg = Release|Any CPU
		{442C2544-4C6A-4155-8145-AB4D050059C0}.Release|Any CPU.Build.0 = Release|Any CPU
		{B4D64E26-9AD4-4907-8762-23A6B3188475}.Debug|Any CPU.ActiveCfg = Debug|Any CPU
		{B4D64E26-9AD4-4907-8762-23A6B3188475}.Debug|Any CPU.Build.0 = Debug|Any CPU
		{B4D64E26-9AD4-4907-8762-23A6B3188475}.Release|Any CPU.ActiveCfg = Release|Any CPU
		{B4D64E26-9AD4-4907-8762-23A6B3188475}.Release|Any CPU.Build.0 = Release|Any CPU
		{BDB16B98-5000-46AD-966A-1BDE92C4F458}.Debug|Any CPU.ActiveCfg = Debug|Any CPU
		{BDB16B98-5000-46AD-966A-1BDE92C4F458}.Debug|Any CPU.Build.0 = Debug|Any CPU
		{BDB16B98-5000-46AD-966A-1BDE92C4F458}.Release|Any CPU.ActiveCfg = Release|Any CPU
		{BDB16B98-5000-46AD-966A-1BDE92C4F458}.Release|Any CPU.Build.0 = Release|Any CPU
		{8C87F0C0-1144-43E5-B810-C0A26CAB7E05}.Debug|Any CPU.ActiveCfg = Debug|Any CPU
		{8C87F0C0-1144-43E5-B810-C0A26CAB7E05}.Debug|Any CPU.Build.0 = Debug|Any CPU
		{8C87F0C0-1144-43E5-B810-C0A26CAB7E05}.Release|Any CPU.ActiveCfg = Release|Any CPU
		{8C87F0C0-1144-43E5-B810-C0A26CAB7E05}.Release|Any CPU.Build.0 = Release|Any CPU
		{E78AB7DC-624E-461C-A8B2-71105ED5645B}.Debug|Any CPU.ActiveCfg = Debug|Any CPU
		{E78AB7DC-624E-461C-A8B2-71105ED5645B}.Debug|Any CPU.Build.0 = Debug|Any CPU
		{E78AB7DC-624E-461C-A8B2-71105ED5645B}.Release|Any CPU.ActiveCfg = Release|Any CPU
		{E78AB7DC-624E-461C-A8B2-71105ED5645B}.Release|Any CPU.Build.0 = Release|Any CPU
		{AD44DD54-27D7-40D8-B4E2-F3BDD4816AB7}.Debug|Any CPU.ActiveCfg = Debug|Any CPU
		{AD44DD54-27D7-40D8-B4E2-F3BDD4816AB7}.Debug|Any CPU.Build.0 = Debug|Any CPU
		{AD44DD54-27D7-40D8-B4E2-F3BDD4816AB7}.Release|Any CPU.ActiveCfg = Release|Any CPU
		{AD44DD54-27D7-40D8-B4E2-F3BDD4816AB7}.Release|Any CPU.Build.0 = Release|Any CPU
		{BEC56682-EF21-4FB4-87CB-196C2CC7E370}.Debug|Any CPU.ActiveCfg = Debug|Any CPU
		{BEC56682-EF21-4FB4-87CB-196C2CC7E370}.Debug|Any CPU.Build.0 = Debug|Any CPU
		{BEC56682-EF21-4FB4-87CB-196C2CC7E370}.Release|Any CPU.ActiveCfg = Release|Any CPU
		{BEC56682-EF21-4FB4-87CB-196C2CC7E370}.Release|Any CPU.Build.0 = Release|Any CPU
		{800C2A36-C6A1-4BF7-BCB0-41DD52F37DCE}.Debug|Any CPU.ActiveCfg = Debug|Any CPU
		{800C2A36-C6A1-4BF7-BCB0-41DD52F37DCE}.Debug|Any CPU.Build.0 = Debug|Any CPU
		{800C2A36-C6A1-4BF7-BCB0-41DD52F37DCE}.Release|Any CPU.ActiveCfg = Release|Any CPU
		{800C2A36-C6A1-4BF7-BCB0-41DD52F37DCE}.Release|Any CPU.Build.0 = Release|Any CPU
		{9D7436B3-D1D7-45BB-945D-3742501BB3EE}.Debug|Any CPU.ActiveCfg = Debug|Any CPU
		{9D7436B3-D1D7-45BB-945D-3742501BB3EE}.Debug|Any CPU.Build.0 = Debug|Any CPU
		{9D7436B3-D1D7-45BB-945D-3742501BB3EE}.Release|Any CPU.ActiveCfg = Release|Any CPU
		{9D7436B3-D1D7-45BB-945D-3742501BB3EE}.Release|Any CPU.Build.0 = Release|Any CPU
	EndGlobalSection
	GlobalSection(SolutionProperties) = preSolution
		HideSolutionNode = FALSE
	EndGlobalSection
	GlobalSection(ExtensibilityGlobals) = postSolution
		SolutionGuid = {9155A199-BC96-46A7-8F3B-AA450A94B537}
	EndGlobalSection
EndGlobal
